
Microsoft Visual Studio Solution File, Format Version 12.00
# Visual Studio Version 17
VisualStudioVersion = 17.3.32825.248
MinimumVisualStudioVersion = 10.0.40219.1
Project("{FAE04EC0-301F-11D3-BF4B-00C04F79EFBC}") = "P1 uzd 1", "P1 uzd 1.csproj", "{DAC0F7C3-2F1A-4CB4-AE40-39E2C195DA36}"
EndProject
Project("{FAE04EC0-301F-11D3-BF4B-00C04F79EFBC}") = "P1 uzd 2", "..\P1 uzd 2\P1 uzd 2.csproj", "{3E1CD8AB-1C5B-4496-B3AE-F7327F5254DE}"
EndProject
Project("{FAE04EC0-301F-11D3-BF4B-00C04F79EFBC}") = "P1 uzd 3", "..\P1 uzd 3\P1 uzd 3.csproj", "{1D8325BD-B28D-4C8D-BB0A-D3B18AFA9983}"
EndProject
Project("{FAE04EC0-301F-11D3-BF4B-00C04F79EFBC}") = "P1 uzd 4", "..\P1 uzd 4\P1 uzd 4.csproj", "{B42FEEE0-83FB-4DD7-8C9F-DC72734CE310}"
EndProject
Project("{FAE04EC0-301F-11D3-BF4B-00C04F79EFBC}") = "P1 uzd 5", "..\P1 uzd 5\P1 uzd 5.csproj", "{D88ACAC1-7ED0-4018-AF4F-037037EA6F76}"
EndProject
Project("{FAE04EC0-301F-11D3-BF4B-00C04F79EFBC}") = "P2 uzd 1", "..\P2 uzd 1\P2 uzd 1.csproj", "{8F6255D7-8016-4976-819C-F7E81738E93E}"
EndProject
Project("{FAE04EC0-301F-11D3-BF4B-00C04F79EFBC}") = "P3 uzd 1", "..\P3 uzd 1\P3 uzd 1.csproj", "{0787D21D-E65F-4F0E-BD89-A55B357F008E}"
EndProject
Project("{FAE04EC0-301F-11D3-BF4B-00C04F79EFBC}") = "P3 uzd 2", "..\P3 uzd 2\P3 uzd 2.csproj", "{E4F56572-517C-45DE-8725-1CDFDFF96A17}"
EndProject
Project("{FAE04EC0-301F-11D3-BF4B-00C04F79EFBC}") = "P3 uzd 3", "..\P3 uzd 3\P3 uzd 3.csproj", "{9997C2BD-5E8D-4B69-92F1-CAE81E3942C1}"
EndProject
Project("{FAE04EC0-301F-11D3-BF4B-00C04F79EFBC}") = "P3 uzd 4", "..\P3 uzd 4\P3 uzd 4.csproj", "{216C96ED-789F-4161-AA73-18118EDD12AA}"
EndProject
Project("{FAE04EC0-301F-11D3-BF4B-00C04F79EFBC}") = "P4 uzd 1", "..\P4 uzd 1\P4 uzd 1.csproj", "{56E51494-BD0B-44A1-BBA4-24E5D9CBC4A0}"
EndProject
Project("{FAE04EC0-301F-11D3-BF4B-00C04F79EFBC}") = "P4 uzd 2", "..\P4 uzd 2\P4 uzd 2.csproj", "{5FE393D0-5BC0-4E94-B7FF-BF854ADE00EA}"
EndProject
Project("{FAE04EC0-301F-11D3-BF4B-00C04F79EFBC}") = "P5 uzd 1", "..\P5 uzd 1\P5 uzd 1.csproj", "{7D4BAD61-2ECE-4804-861A-9436BD4ACEE2}"
EndProject
Project("{FAE04EC0-301F-11D3-BF4B-00C04F79EFBC}") = "P5 uzd 2", "..\P5 uzd 2\P5 uzd 2.csproj", "{834DD150-0764-426C-8AED-FB46005B29C7}"
EndProject
Project("{FAE04EC0-301F-11D3-BF4B-00C04F79EFBC}") = "P5 uzd 3", "..\P5 uzd 3\P5 uzd 3.csproj", "{80055BB2-A51D-4B35-9CB6-E013EBB2CE0C}"
EndProject
Project("{FAE04EC0-301F-11D3-BF4B-00C04F79EFBC}") = "P5 uzd 4", "..\P5 uzd 4\P5 uzd 4.csproj", "{72F4307A-C297-4393-A8D1-25AAD8C19F28}"
EndProject
Project("{FAE04EC0-301F-11D3-BF4B-00C04F79EFBC}") = "P5 uzd 5", "..\P5 uzd 5\P5 uzd 5.csproj", "{C4CD33FE-9BCA-4797-B30D-5FDF43D05A2A}"
EndProject
Project("{FAE04EC0-301F-11D3-BF4B-00C04F79EFBC}") = "P6 uzd 1", "..\P6 uzd 1\P6 uzd 1.csproj", "{BAAAC89F-D140-410C-AF2D-E957400EE13B}"
EndProject
Global
	GlobalSection(SolutionConfigurationPlatforms) = preSolution
		Debug|Any CPU = Debug|Any CPU
		Release|Any CPU = Release|Any CPU
	EndGlobalSection
	GlobalSection(ProjectConfigurationPlatforms) = postSolution
		{DAC0F7C3-2F1A-4CB4-AE40-39E2C195DA36}.Debug|Any CPU.ActiveCfg = Debug|Any CPU
		{DAC0F7C3-2F1A-4CB4-AE40-39E2C195DA36}.Debug|Any CPU.Build.0 = Debug|Any CPU
		{DAC0F7C3-2F1A-4CB4-AE40-39E2C195DA36}.Release|Any CPU.ActiveCfg = Release|Any CPU
		{DAC0F7C3-2F1A-4CB4-AE40-39E2C195DA36}.Release|Any CPU.Build.0 = Release|Any CPU
		{3E1CD8AB-1C5B-4496-B3AE-F7327F5254DE}.Debug|Any CPU.ActiveCfg = Debug|Any CPU
		{3E1CD8AB-1C5B-4496-B3AE-F7327F5254DE}.Debug|Any CPU.Build.0 = Debug|Any CPU
		{3E1CD8AB-1C5B-4496-B3AE-F7327F5254DE}.Release|Any CPU.ActiveCfg = Release|Any CPU
		{3E1CD8AB-1C5B-4496-B3AE-F7327F5254DE}.Release|Any CPU.Build.0 = Release|Any CPU
		{1D8325BD-B28D-4C8D-BB0A-D3B18AFA9983}.Debug|Any CPU.ActiveCfg = Debug|Any CPU
		{1D8325BD-B28D-4C8D-BB0A-D3B18AFA9983}.Debug|Any CPU.Build.0 = Debug|Any CPU
		{1D8325BD-B28D-4C8D-BB0A-D3B18AFA9983}.Release|Any CPU.ActiveCfg = Release|Any CPU
		{1D8325BD-B28D-4C8D-BB0A-D3B18AFA9983}.Release|Any CPU.Build.0 = Release|Any CPU
		{B42FEEE0-83FB-4DD7-8C9F-DC72734CE310}.Debug|Any CPU.ActiveCfg = Debug|Any CPU
		{B42FEEE0-83FB-4DD7-8C9F-DC72734CE310}.Debug|Any CPU.Build.0 = Debug|Any CPU
		{B42FEEE0-83FB-4DD7-8C9F-DC72734CE310}.Release|Any CPU.ActiveCfg = Release|Any CPU
		{B42FEEE0-83FB-4DD7-8C9F-DC72734CE310}.Release|Any CPU.Build.0 = Release|Any CPU
		{D88ACAC1-7ED0-4018-AF4F-037037EA6F76}.Debug|Any CPU.ActiveCfg = Debug|Any CPU
		{D88ACAC1-7ED0-4018-AF4F-037037EA6F76}.Debug|Any CPU.Build.0 = Debug|Any CPU
		{D88ACAC1-7ED0-4018-AF4F-037037EA6F76}.Release|Any CPU.ActiveCfg = Release|Any CPU
		{D88ACAC1-7ED0-4018-AF4F-037037EA6F76}.Release|Any CPU.Build.0 = Release|Any CPU
		{8F6255D7-8016-4976-819C-F7E81738E93E}.Debug|Any CPU.ActiveCfg = Debug|Any CPU
		{8F6255D7-8016-4976-819C-F7E81738E93E}.Debug|Any CPU.Build.0 = Debug|Any CPU
		{8F6255D7-8016-4976-819C-F7E81738E93E}.Release|Any CPU.ActiveCfg = Release|Any CPU
		{8F6255D7-8016-4976-819C-F7E81738E93E}.Release|Any CPU.Build.0 = Release|Any CPU
		{0787D21D-E65F-4F0E-BD89-A55B357F008E}.Debug|Any CPU.ActiveCfg = Debug|Any CPU
		{0787D21D-E65F-4F0E-BD89-A55B357F008E}.Debug|Any CPU.Build.0 = Debug|Any CPU
		{0787D21D-E65F-4F0E-BD89-A55B357F008E}.Release|Any CPU.ActiveCfg = Release|Any CPU
		{0787D21D-E65F-4F0E-BD89-A55B357F008E}.Release|Any CPU.Build.0 = Release|Any CPU
		{E4F56572-517C-45DE-8725-1CDFDFF96A17}.Debug|Any CPU.ActiveCfg = Debug|Any CPU
		{E4F56572-517C-45DE-8725-1CDFDFF96A17}.Debug|Any CPU.Build.0 = Debug|Any CPU
		{E4F56572-517C-45DE-8725-1CDFDFF96A17}.Release|Any CPU.ActiveCfg = Release|Any CPU
		{E4F56572-517C-45DE-8725-1CDFDFF96A17}.Release|Any CPU.Build.0 = Release|Any CPU
		{9997C2BD-5E8D-4B69-92F1-CAE81E3942C1}.Debug|Any CPU.ActiveCfg = Debug|Any CPU
		{9997C2BD-5E8D-4B69-92F1-CAE81E3942C1}.Debug|Any CPU.Build.0 = Debug|Any CPU
		{9997C2BD-5E8D-4B69-92F1-CAE81E3942C1}.Release|Any CPU.ActiveCfg = Release|Any CPU
		{9997C2BD-5E8D-4B69-92F1-CAE81E3942C1}.Release|Any CPU.Build.0 = Release|Any CPU
		{216C96ED-789F-4161-AA73-18118EDD12AA}.Debug|Any CPU.ActiveCfg = Debug|Any CPU
		{216C96ED-789F-4161-AA73-18118EDD12AA}.Debug|Any CPU.Build.0 = Debug|Any CPU
		{216C96ED-789F-4161-AA73-18118EDD12AA}.Release|Any CPU.ActiveCfg = Release|Any CPU
		{216C96ED-789F-4161-AA73-18118EDD12AA}.Release|Any CPU.Build.0 = Release|Any CPU
		{56E51494-BD0B-44A1-BBA4-24E5D9CBC4A0}.Debug|Any CPU.ActiveCfg = Debug|Any CPU
		{56E51494-BD0B-44A1-BBA4-24E5D9CBC4A0}.Debug|Any CPU.Build.0 = Debug|Any CPU
		{56E51494-BD0B-44A1-BBA4-24E5D9CBC4A0}.Release|Any CPU.ActiveCfg = Release|Any CPU
		{56E51494-BD0B-44A1-BBA4-24E5D9CBC4A0}.Release|Any CPU.Build.0 = Release|Any CPU
		{5FE393D0-5BC0-4E94-B7FF-BF854ADE00EA}.Debug|Any CPU.ActiveCfg = Debug|Any CPU
		{5FE393D0-5BC0-4E94-B7FF-BF854ADE00EA}.Debug|Any CPU.Build.0 = Debug|Any CPU
		{5FE393D0-5BC0-4E94-B7FF-BF854ADE00EA}.Release|Any CPU.ActiveCfg = Release|Any CPU
		{5FE393D0-5BC0-4E94-B7FF-BF854ADE00EA}.Release|Any CPU.Build.0 = Release|Any CPU
		{7D4BAD61-2ECE-4804-861A-9436BD4ACEE2}.Debug|Any CPU.ActiveCfg = Debug|Any CPU
		{7D4BAD61-2ECE-4804-861A-9436BD4ACEE2}.Debug|Any CPU.Build.0 = Debug|Any CPU
		{7D4BAD61-2ECE-4804-861A-9436BD4ACEE2}.Release|Any CPU.ActiveCfg = Release|Any CPU
		{7D4BAD61-2ECE-4804-861A-9436BD4ACEE2}.Release|Any CPU.Build.0 = Release|Any CPU
		{834DD150-0764-426C-8AED-FB46005B29C7}.Debug|Any CPU.ActiveCfg = Debug|Any CPU
		{834DD150-0764-426C-8AED-FB46005B29C7}.Debug|Any CPU.Build.0 = Debug|Any CPU
		{834DD150-0764-426C-8AED-FB46005B29C7}.Release|Any CPU.ActiveCfg = Release|Any CPU
		{834DD150-0764-426C-8AED-FB46005B29C7}.Release|Any CPU.Build.0 = Release|Any CPU
		{80055BB2-A51D-4B35-9CB6-E013EBB2CE0C}.Debug|Any CPU.ActiveCfg = Debug|Any CPU
		{80055BB2-A51D-4B35-9CB6-E013EBB2CE0C}.Debug|Any CPU.Build.0 = Debug|Any CPU
		{80055BB2-A51D-4B35-9CB6-E013EBB2CE0C}.Release|Any CPU.ActiveCfg = Release|Any CPU
		{80055BB2-A51D-4B35-9CB6-E013EBB2CE0C}.Release|Any CPU.Build.0 = Release|Any CPU
		{72F4307A-C297-4393-A8D1-25AAD8C19F28}.Debug|Any CPU.ActiveCfg = Debug|Any CPU
		{72F4307A-C297-4393-A8D1-25AAD8C19F28}.Debug|Any CPU.Build.0 = Debug|Any CPU
		{72F4307A-C297-4393-A8D1-25AAD8C19F28}.Release|Any CPU.ActiveCfg = Release|Any CPU
		{72F4307A-C297-4393-A8D1-25AAD8C19F28}.Release|Any CPU.Build.0 = Release|Any CPU
		{C4CD33FE-9BCA-4797-B30D-5FDF43D05A2A}.Debug|Any CPU.ActiveCfg = Debug|Any CPU
		{C4CD33FE-9BCA-4797-B30D-5FDF43D05A2A}.Debug|Any CPU.Build.0 = Debug|Any CPU
		{C4CD33FE-9BCA-4797-B30D-5FDF43D05A2A}.Release|Any CPU.ActiveCfg = Release|Any CPU
		{C4CD33FE-9BCA-4797-B30D-5FDF43D05A2A}.Release|Any CPU.Build.0 = Release|Any CPU
		{BAAAC89F-D140-410C-AF2D-E957400EE13B}.Debug|Any CPU.ActiveCfg = Debug|Any CPU
		{BAAAC89F-D140-410C-AF2D-E957400EE13B}.Debug|Any CPU.Build.0 = Debug|Any CPU
		{BAAAC89F-D140-410C-AF2D-E957400EE13B}.Release|Any CPU.ActiveCfg = Release|Any CPU
		{BAAAC89F-D140-410C-AF2D-E957400EE13B}.Release|Any CPU.Build.0 = Release|Any CPU
	EndGlobalSection
	GlobalSection(SolutionProperties) = preSolution
		HideSolutionNode = FALSE
	EndGlobalSection
	GlobalSection(ExtensibilityGlobals) = postSolution
		SolutionGuid = {90E29825-0279-4D64-882F-03E0EE1418B2}
	EndGlobalSection
EndGlobal
